
Microsoft Visual Studio Solution File, Format Version 12.00
# Visual Studio Version 17
VisualStudioVersion = 17.6.33712.159
MinimumVisualStudioVersion = 10.0.40219.1
Project("{8BC9CEB8-8B4A-11D0-8D11-00A0C91BC942}") = "Chapter18", "Chapter18.vcxproj", "{6B023B5B-F27A-400B-A258-696E5D7DBBDC}"
EndProject
Global
	GlobalSection(SolutionConfigurationPlatforms) = preSolution
		Debug|x64 = Debug|x64
		Debug|x86 = Debug|x86
		Release|x64 = Release|x64
		Release|x86 = Release|x86
	EndGlobalSection
	GlobalSection(ProjectConfigurationPlatforms) = postSolution
		{6B023B5B-F27A-400B-A258-696E5D7DBBDC}.Debug|x64.ActiveCfg = Debug|x64
		{6B023B5B-F27A-400B-A258-696E5D7DBBDC}.Debug|x64.Build.0 = Debug|x64
		{6B023B5B-F27A-400B-A258-696E5D7DBBDC}.Debug|x86.ActiveCfg = Debug|Win32
		{6B023B5B-F27A-400B-A258-696E5D7DBBDC}.Debug|x86.Build.0 = Debug|Win32
		{6B023B5B-F27A-400B-A258-696E5D7DBBDC}.Release|x64.ActiveCfg = Release|x64
		{6B023B5B-F27A-400B-A258-696E5D7DBBDC}.Release|x64.Build.0 = Release|x64
		{6B023B5B-F27A-400B-A258-696E5D7DBBDC}.Release|x86.ActiveCfg = Release|Win32
		{6B023B5B-F27A-400B-A258-696E5D7DBBDC}.Release|x86.Build.0 = Release|Win32
	EndGlobalSection
	GlobalSection(SolutionProperties) = preSolution
		HideSolutionNode = FALSE
	EndGlobalSection
	GlobalSection(ExtensibilityGlobals) = postSolution
		SolutionGuid = {5D767B29-AA04-48B1-9E32-C4D545E1BAFF}
	EndGlobalSection
EndGlobal
